
Microsoft Visual Studio Solution File, Format Version 12.00
# Visual Studio Version 17
VisualStudioVersion = 17.13.35825.156
MinimumVisualStudioVersion = 10.0.40219.1
Project("{2150E333-8FDC-42A3-9474-1A3956D46DE8}") = "chapter01", "chapter01", "{DDB4EF12-CC4E-5E88-E6FC-71A802F4DE97}"
EndProject
Project("{FAE04EC0-301F-11D3-BF4B-00C04F79EFBC}") = "ProductSample", "Chapter01\ProductSample\ProductSample.csproj", "{CA949956-EBD8-454F-B06E-5A031E0529D5}"
EndProject
Project("{2150E333-8FDC-42A3-9474-1A3956D46DE8}") = "chapter02", "chapter02", "{D43A2391-A10F-47ED-918E-15AECB0B4D02}"
EndProject
Project("{FAE04EC0-301F-11D3-BF4B-00C04F79EFBC}") = "DistanceConverter", "chapter02\DistanceConverter\DistanceConverter.csproj", "{A08565FA-8CDF-4972-9EF2-AD1E48D2A694}"
EndProject
Project("{2150E333-8FDC-42A3-9474-1A3956D46DE8}") = "演習問題", "演習問題", "{85F6B732-8EC2-496F-B498-139A5EC5E6D9}"
EndProject
Project("{FAE04EC0-301F-11D3-BF4B-00C04F79EFBC}") = "Execise02", "chapter02\演習問題\Execise02\Execise02.csproj", "{2A332547-EFFF-4C89-84F5-8D3FC27861C0}"
EndProject
Project("{2150E333-8FDC-42A3-9474-1A3956D46DE8}") = "距離換算プログラム", "距離換算プログラム", "{AC3E68D3-A18D-4AFA-80BF-6C8607EF0B68}"
EndProject
Project("{2150E333-8FDC-42A3-9474-1A3956D46DE8}") = "FormApps", "FormApps", "{0CFFD6A6-6C92-4BE2-860F-70DCBA65FD88}"
EndProject
Project("{FAE04EC0-301F-11D3-BF4B-00C04F79EFBC}") = "UnitComverter", "FormApps\UnitComverter\UnitComverter.csproj", "{0F56FD18-C397-4B33-97C3-DE22FA3B6F98}"
EndProject
Project("{2150E333-8FDC-42A3-9474-1A3956D46DE8}") = "売上集計プログラム", "売上集計プログラム", "{CCDCBAFB-2EAE-450D-B929-7D788F425451}"
EndProject
Project("{FAE04EC0-301F-11D3-BF4B-00C04F79EFBC}") = "SalesCalculator", "chapter02\SalesCalculator\SalesCalculator.csproj", "{EFB841EB-3127-416A-A273-BC425289F6BD}"
EndProject
Project("{FAE04EC0-301F-11D3-BF4B-00C04F79EFBC}") = "Execise01", "chapter02\演習問題\Execise01\Execise01.csproj", "{FBAAB38F-0362-48D6-B1CB-130B12FEF04E}"
EndProject
Project("{2150E333-8FDC-42A3-9474-1A3956D46DE8}") = "chapter03", "chapter03", "{9FC917FB-46AD-4201-9944-EF687FA561DF}"
EndProject
Project("{FAE04EC0-301F-11D3-BF4B-00C04F79EFBC}") = "Section01", "chapter03\Section01\Section01.csproj", "{ABE30349-38B5-4673-8157-9A9FDF1B2E3C}"
EndProject
Project("{2150E333-8FDC-42A3-9474-1A3956D46DE8}") = "演習問題", "演習問題", "{D8569A20-9996-4824-B175-AF754D7EAFAF}"
EndProject
Project("{FAE04EC0-301F-11D3-BF4B-00C04F79EFBC}") = "Execise02", "chapter03\演習問題\Execise02\Execise02.csproj", "{E7CA222A-AED5-4B11-A924-90F58ABCBEEB}"
EndProject
Project("{FAE04EC0-301F-11D3-BF4B-00C04F79EFBC}") = "Section04", "chapter03\Section04\Section04.csproj", "{B948B64A-7B6B-4CA6-A663-6FCE87ACC3EB}"
EndProject
Project("{FAE04EC0-301F-11D3-BF4B-00C04F79EFBC}") = "Excise01", "chapter03\演習問題\Excise01\Excise01.csproj", "{75A8581F-94CC-492D-AB76-6559261A3AD7}"
EndProject
Project("{2150E333-8FDC-42A3-9474-1A3956D46DE8}") = "chapter04", "chapter04", "{CBAAEE87-139F-4689-A00D-1FD09950894D}"
EndProject
Project("{FAE04EC0-301F-11D3-BF4B-00C04F79EFBC}") = "Section04", "chapter04\Section04\Section04.csproj", "{78F1AFD4-B7D8-4439-A2AC-26A792F5DCAF}"
EndProject
Project("{2150E333-8FDC-42A3-9474-1A3956D46DE8}") = "演習問題", "演習問題", "{BCC7A0D3-07A0-444D-8A6F-F03768F5E143}"
EndProject
Project("{FAE04EC0-301F-11D3-BF4B-00C04F79EFBC}") = "Exercise01", "chapter04\演習問題\Exercise01\Exercise01.csproj", "{FA342EF9-80E6-4D00-8D9B-68C2C5AF2CEB}"
EndProject
Project("{FAE04EC0-301F-11D3-BF4B-00C04F79EFBC}") = "Exercise02", "chapter04\演習問題\Exercise02\Exercise02.csproj", "{30C8386E-6267-4B61-A3B4-573B93259684}"
EndProject
Project("{2150E333-8FDC-42A3-9474-1A3956D46DE8}") = "chapter07", "chapter07", "{93D867B6-36E9-424E-ABDB-5237EA277FD9}"
EndProject
Project("{2150E333-8FDC-42A3-9474-1A3956D46DE8}") = "LINQ", "LINQ", "{6C61EAED-4FF0-459E-B3FF-F5BF50E58E2A}"
EndProject
Project("{FAE04EC0-301F-11D3-BF4B-00C04F79EFBC}") = "LinqSample", "LINQ\LinqSample\LinqSample.csproj", "{1A884ACA-00B8-4600-8551-E5316057CC79}"
EndProject
Project("{2150E333-8FDC-42A3-9474-1A3956D46DE8}") = "演習問題", "演習問題", "{03796BFF-880F-4A91-B42E-04D11B0D76FC}"
EndProject
Project("{FAE04EC0-301F-11D3-BF4B-00C04F79EFBC}") = "Exercise01", "chapter07\演習問題\Exercise01\Exercise01.csproj", "{28AC863E-6281-47E4-8B61-958ED346AD1D}"
EndProject
Project("{FAE04EC0-301F-11D3-BF4B-00C04F79EFBC}") = "Section01", "chapter07\Section01\Section01.csproj", "{9B2D5F0A-D941-4FBC-A108-7C82CC9320DA}"
EndProject
Project("{FAE04EC0-301F-11D3-BF4B-00C04F79EFBC}") = "Section05", "chapter07\Section05\Section05.csproj", "{AC6E974C-AE14-4321-8203-4EF6918EAED0}"
EndProject
Project("{FAE04EC0-301F-11D3-BF4B-00C04F79EFBC}") = "Exercise02", "chapter07\演習問題\Exercise02\Exercise02\Exercise02.csproj", "{5347A961-FFF3-4869-A291-1F7EF0E178D4}"
EndProject
Project("{2150E333-8FDC-42A3-9474-1A3956D46DE8}") = "chapter06", "chapter06", "{32716B9C-C9AA-4BE1-9628-6E8E6F01C546}"
EndProject
Project("{FAE04EC0-301F-11D3-BF4B-00C04F79EFBC}") = "Section01", "chapter06\Section01\Section01.csproj", "{3BEE5A53-0E90-4DD3-9DD0-41EBF18FF153}"
EndProject
Project("{2150E333-8FDC-42A3-9474-1A3956D46DE8}") = "演習問題", "演習問題", "{2AB52C61-A2CB-4F8E-B591-1E7474C431A1}"
EndProject
Project("{FAE04EC0-301F-11D3-BF4B-00C04F79EFBC}") = "Execise01", "chapter06\演習問題\Execise01\Execise01.csproj", "{BA4873D5-34BF-49B9-B7A3-36F82B201B1E}"
EndProject
Project("{FAE04EC0-301F-11D3-BF4B-00C04F79EFBC}") = "Execise03", "chapter06\演習問題\Execise03\Execise03.csproj", "{2554FA83-095D-4EED-9195-196AF564F3A5}"
EndProject
Project("{2150E333-8FDC-42A3-9474-1A3956D46DE8}") = "chapter05", "chapter05", "{4F390737-B38F-4C45-ADD6-ABD0595912CB}"
EndProject
Project("{2150E333-8FDC-42A3-9474-1A3956D46DE8}") = "演習問題", "演習問題", "{6DAE1242-DF65-42F7-B842-22860A34D7BE}"
EndProject
Project("{FAE04EC0-301F-11D3-BF4B-00C04F79EFBC}") = "Section01", "chapter05\Section01\Section01.csproj", "{9DA58306-704F-4328-BE46-94220C5AE005}"
EndProject
Project("{FAE04EC0-301F-11D3-BF4B-00C04F79EFBC}") = "Section02", "chapter05\Section02\Section02.csproj", "{BA925B66-9786-4E30-9B78-B74368D69E9F}"
EndProject
Project("{FAE04EC0-301F-11D3-BF4B-00C04F79EFBC}") = "Exercise01", "chapter05\演習問題\Exercise01\Exercise01.csproj", "{5A8494AA-09DB-4F7E-B76B-06702FE9D6F5}"
EndProject
Project("{2150E333-8FDC-42A3-9474-1A3956D46DE8}") = "chapter08", "chapter08", "{98BD795C-C024-4812-975E-5603DD636BA4}"
EndProject
Project("{FAE04EC0-301F-11D3-BF4B-00C04F79EFBC}") = "PrefCapitalLocationSystem", "Chapter08\PrefCapitalLocationSystem\PrefCapitalLocationSystem\PrefCapitalLocationSystem.csproj", "{F87F50BB-3575-4D0A-A754-F2B120A0C401}"
EndProject
Project("{2150E333-8FDC-42A3-9474-1A3956D46DE8}") = "演習問題", "演習問題", "{99B575AB-048E-4A92-9C9F-C7070FDF7B78}"
EndProject
Project("{FAE04EC0-301F-11D3-BF4B-00C04F79EFBC}") = "Section03", "Chapter08\Section03\Section03.csproj", "{A5F07861-E3D9-4820-AD31-319F21F8C732}"
EndProject
Project("{FAE04EC0-301F-11D3-BF4B-00C04F79EFBC}") = "Execise02", "Chapter08\演習問題\Execise02\Execise02.csproj", "{7BB1F1F6-F970-4F43-9DA9-2913A82C2371}"
EndProject
Project("{2150E333-8FDC-42A3-9474-1A3956D46DE8}") = "Test01", "Test01", "{58ECCB0D-8601-4BE6-B233-7532DB9BEB23}"
EndProject
Project("{FAE04EC0-301F-11D3-BF4B-00C04F79EFBC}") = "Test01", "Test01\Test01\Test01.csproj", "{6EF7678A-A725-F430-3097-30F090C0100A}"
EndProject
Project("{FAE04EC0-301F-11D3-BF4B-00C04F79EFBC}") = "Test02", "Test01\Test02\Test02.csproj", "{010D0C11-D6A2-3CA6-3281-4E0FD547EC2D}"
EndProject
Project("{2150E333-8FDC-42A3-9474-1A3956D46DE8}") = "chapter09", "chapter09", "{29EF5F20-9A17-4644-9F0A-889B09AD2DC9}"
EndProject
Project("{FAE04EC0-301F-11D3-BF4B-00C04F79EFBC}") = "Section01", "chapter09\Section01\Section01.csproj", "{DB2A0950-0689-4CEE-A671-7E8857D5F4DD}"
EndProject
Project("{FAE04EC0-301F-11D3-BF4B-00C04F79EFBC}") = "test", "chapter09\test\test\test.csproj", "{7BC188CC-9C01-4B4D-8459-4B4BCA2B5530}"
EndProject
Project("{FAE04EC0-301F-11D3-BF4B-00C04F79EFBC}") = "CarReportSystem", "FormApps\CarReportSystem\CarReportSystem.csproj", "{0B48C449-0B35-182D-2B8C-BFE6C8DF0359}"
EndProject
Project("{FAE04EC0-301F-11D3-BF4B-00C04F79EFBC}") = "Section01", "Chapter12\Section01\Section01.csproj", "{4109F16C-CC0F-746C-BB8C-6083813C958C}"
EndProject
Project("{2150E333-8FDC-42A3-9474-1A3956D46DE8}") = "chapter12", "chapter12", "{7EF99351-8C42-4F12-AED8-0D634B838C08}"
EndProject
Project("{FAE04EC0-301F-11D3-BF4B-00C04F79EFBC}") = "Exercise01", "Chapter12\演習問題\Exercise01\Exercise01.csproj", "{6C5C8E11-5C4E-7216-5310-F8D4870D4E3D}"
EndProject
Project("{FAE04EC0-301F-11D3-BF4B-00C04F79EFBC}") = "Exercise02", "Chapter12\演習問題\Exercise02\Exercise02.csproj", "{F01C3B69-9D05-4BEF-26EB-57BAD926097B}"
EndProject
Project("{FAE04EC0-301F-11D3-BF4B-00C04F79EFBC}") = "Exercise03", "Chapter12\演習問題\Exercise03\Exercise03.csproj", "{414DFFD5-4A0F-DD91-933A-D9585859A325}"
EndProject
Project("{FAE04EC0-301F-11D3-BF4B-00C04F79EFBC}") = "RssReader", "FormApps\RssReader\RssReader.csproj", "{8E382822-92E3-D270-08BB-8C5874A14FBE}"
EndProject
Project("{2150E333-8FDC-42A3-9474-1A3956D46DE8}") = "Test0103", "Test0103", "{E7B29F9E-1529-4258-B954-1A60E29A047B}"
EndProject
Project("{FAE04EC0-301F-11D3-BF4B-00C04F79EFBC}") = "Test01", "Test202503\Test01\Test01.csproj", "{8AD2EED6-5142-B9D5-EB8B-BB1A11EC0408}"
EndProject
Project("{FAE04EC0-301F-11D3-BF4B-00C04F79EFBC}") = "Test02", "Test202503\Test02\Test02.csproj", "{EA4A8055-1398-D3D7-71C5-6C05759E8DEC}"
EndProject
Project("{2150E333-8FDC-42A3-9474-1A3956D46DE8}") = "chapter11", "chapter11", "{221539F6-DB24-4F5C-81C8-B989808CCA6A}"
EndProject
Project("{2150E333-8FDC-42A3-9474-1A3956D46DE8}") = "演習問題", "演習問題", "{24BA4DB0-8DD0-4AEE-A0FB-0BD6A7614EB0}"
EndProject
Project("{FAE04EC0-301F-11D3-BF4B-00C04F79EFBC}") = "Section02", "Chapter11\Section02\Section02.csproj", "{E9A17AA2-A822-DBAD-5B94-1AAA6BD0E0AF}"
EndProject
Project("{FAE04EC0-301F-11D3-BF4B-00C04F79EFBC}") = "Section03", "Chapter11\Section03\Section03.csproj", "{CE019649-9318-73D8-8F70-F3DCB6317432}"
EndProject
Project("{FAE04EC0-301F-11D3-BF4B-00C04F79EFBC}") = "Exercise01", "Chapter11\演習問題\Exercise01\Exercise01.csproj", "{B3F3FE81-4330-0B4C-2412-6F395A20D39D}"
EndProject
Project("{FAE04EC0-301F-11D3-BF4B-00C04F79EFBC}") = "Exercise02", "Chapter11\演習問題\Exercise02\Exercise02.csproj", "{3F3CABB3-E67F-D927-7417-80D1CBAF004A}"
EndProject
Project("{FAE04EC0-301F-11D3-BF4B-00C04F79EFBC}") = "Exercise03", "Chapter11\演習問題\Exercise03\Exercise03.csproj", "{61BA74EB-20AE-BBB9-0771-8ECBE7D18BD5}"
EndProject
Project("{FAE04EC0-301F-11D3-BF4B-00C04F79EFBC}") = "Section04", "Chapter11\Section04\Section04.csproj", "{406239BD-62FE-4544-B12F-81F1D2172B22}"
EndProject
Project("{FAE04EC0-301F-11D3-BF4B-00C04F79EFBC}") = "Exercise04", "Chapter11\演習問題\Exercise04\Exercise04.csproj", "{C1BC4E50-43BF-4F9B-B159-ABDDC52620C1}"
EndProject
Project("{FAE04EC0-301F-11D3-BF4B-00C04F79EFBC}") = "Exercise05", "Chapter11\演習問題\Exercise05\Exercise05.csproj", "{CC99BAB5-2D97-4E4C-97E3-E062117A11F5}"
EndProject
Project("{FAE04EC0-301F-11D3-BF4B-00C04F79EFBC}") = "ColorChecker", "ColorChecker\ColorChecker\ColorChecker.csproj", "{EFD3FEBC-45DC-402D-8873-B1BEA6CEA6B2}"
EndProject
Project("{2150E333-8FDC-42A3-9474-1A3956D46DE8}") = "WPF", "WPF", "{7DF9447F-CAE6-42AB-BEDD-E4B229360064}"
EndProject
Project("{F184B08F-C81C-45F6-A57F-5ABD9991F28F}") = "ComverterApp", "WPF\ComverterApp\ComverterApp.vbproj", "{D5AC9ED3-FEA1-4FEC-8F4E-5E624E8AEBD7}"
EndProject
Project("{FAE04EC0-301F-11D3-BF4B-00C04F79EFBC}") = "HelloWorld", "\\172.16.42.1\学生\2025_情報システム\オブジェクト指向プログラミングⅡ\３期目\休んだ人\HelloWorld\HelloWorld.csproj", "{D9274D6F-A162-6869-61BF-EF8E9FC0FB28}"
EndProject
Project("{FAE04EC0-301F-11D3-BF4B-00C04F79EFBC}") = "PrismObservesSample", "WPF\PrismObservesSample\PrismObservesSample.csproj", "{50712916-3046-CD6D-CC0D-CC717D58B733}"
EndProject
Project("{FAE04EC0-301F-11D3-BF4B-00C04F79EFBC}") = "SampleUnitConverter", "WPF\SampleUnitConverter\SampleUnitConverter.csproj", "{E535824B-BD48-5070-4B89-BAF47499D3B8}"
EndProject
Global
	GlobalSection(SolutionConfigurationPlatforms) = preSolution
		Debug|Any CPU = Debug|Any CPU
		Release|Any CPU = Release|Any CPU
	EndGlobalSection
	GlobalSection(ProjectConfigurationPlatforms) = postSolution
		{CA949956-EBD8-454F-B06E-5A031E0529D5}.Debug|Any CPU.ActiveCfg = Debug|Any CPU
		{CA949956-EBD8-454F-B06E-5A031E0529D5}.Debug|Any CPU.Build.0 = Debug|Any CPU
		{CA949956-EBD8-454F-B06E-5A031E0529D5}.Release|Any CPU.ActiveCfg = Release|Any CPU
		{CA949956-EBD8-454F-B06E-5A031E0529D5}.Release|Any CPU.Build.0 = Release|Any CPU
		{A08565FA-8CDF-4972-9EF2-AD1E48D2A694}.Debug|Any CPU.ActiveCfg = Debug|Any CPU
		{A08565FA-8CDF-4972-9EF2-AD1E48D2A694}.Debug|Any CPU.Build.0 = Debug|Any CPU
		{A08565FA-8CDF-4972-9EF2-AD1E48D2A694}.Release|Any CPU.ActiveCfg = Release|Any CPU
		{A08565FA-8CDF-4972-9EF2-AD1E48D2A694}.Release|Any CPU.Build.0 = Release|Any CPU
		{2A332547-EFFF-4C89-84F5-8D3FC27861C0}.Debug|Any CPU.ActiveCfg = Debug|Any CPU
		{2A332547-EFFF-4C89-84F5-8D3FC27861C0}.Debug|Any CPU.Build.0 = Debug|Any CPU
		{2A332547-EFFF-4C89-84F5-8D3FC27861C0}.Release|Any CPU.ActiveCfg = Release|Any CPU
		{2A332547-EFFF-4C89-84F5-8D3FC27861C0}.Release|Any CPU.Build.0 = Release|Any CPU
		{0F56FD18-C397-4B33-97C3-DE22FA3B6F98}.Debug|Any CPU.ActiveCfg = Debug|Any CPU
		{0F56FD18-C397-4B33-97C3-DE22FA3B6F98}.Debug|Any CPU.Build.0 = Debug|Any CPU
		{0F56FD18-C397-4B33-97C3-DE22FA3B6F98}.Release|Any CPU.ActiveCfg = Release|Any CPU
		{0F56FD18-C397-4B33-97C3-DE22FA3B6F98}.Release|Any CPU.Build.0 = Release|Any CPU
		{EFB841EB-3127-416A-A273-BC425289F6BD}.Debug|Any CPU.ActiveCfg = Debug|Any CPU
		{EFB841EB-3127-416A-A273-BC425289F6BD}.Debug|Any CPU.Build.0 = Debug|Any CPU
		{EFB841EB-3127-416A-A273-BC425289F6BD}.Release|Any CPU.ActiveCfg = Release|Any CPU
		{EFB841EB-3127-416A-A273-BC425289F6BD}.Release|Any CPU.Build.0 = Release|Any CPU
		{FBAAB38F-0362-48D6-B1CB-130B12FEF04E}.Debug|Any CPU.ActiveCfg = Debug|Any CPU
		{FBAAB38F-0362-48D6-B1CB-130B12FEF04E}.Debug|Any CPU.Build.0 = Debug|Any CPU
		{FBAAB38F-0362-48D6-B1CB-130B12FEF04E}.Release|Any CPU.ActiveCfg = Release|Any CPU
		{FBAAB38F-0362-48D6-B1CB-130B12FEF04E}.Release|Any CPU.Build.0 = Release|Any CPU
		{ABE30349-38B5-4673-8157-9A9FDF1B2E3C}.Debug|Any CPU.ActiveCfg = Debug|Any CPU
		{ABE30349-38B5-4673-8157-9A9FDF1B2E3C}.Debug|Any CPU.Build.0 = Debug|Any CPU
		{ABE30349-38B5-4673-8157-9A9FDF1B2E3C}.Release|Any CPU.ActiveCfg = Release|Any CPU
		{ABE30349-38B5-4673-8157-9A9FDF1B2E3C}.Release|Any CPU.Build.0 = Release|Any CPU
		{E7CA222A-AED5-4B11-A924-90F58ABCBEEB}.Debug|Any CPU.ActiveCfg = Debug|Any CPU
		{E7CA222A-AED5-4B11-A924-90F58ABCBEEB}.Debug|Any CPU.Build.0 = Debug|Any CPU
		{E7CA222A-AED5-4B11-A924-90F58ABCBEEB}.Release|Any CPU.ActiveCfg = Release|Any CPU
		{E7CA222A-AED5-4B11-A924-90F58ABCBEEB}.Release|Any CPU.Build.0 = Release|Any CPU
		{B948B64A-7B6B-4CA6-A663-6FCE87ACC3EB}.Debug|Any CPU.ActiveCfg = Debug|Any CPU
		{B948B64A-7B6B-4CA6-A663-6FCE87ACC3EB}.Debug|Any CPU.Build.0 = Debug|Any CPU
		{B948B64A-7B6B-4CA6-A663-6FCE87ACC3EB}.Release|Any CPU.ActiveCfg = Release|Any CPU
		{B948B64A-7B6B-4CA6-A663-6FCE87ACC3EB}.Release|Any CPU.Build.0 = Release|Any CPU
		{75A8581F-94CC-492D-AB76-6559261A3AD7}.Debug|Any CPU.ActiveCfg = Debug|Any CPU
		{75A8581F-94CC-492D-AB76-6559261A3AD7}.Debug|Any CPU.Build.0 = Debug|Any CPU
		{75A8581F-94CC-492D-AB76-6559261A3AD7}.Release|Any CPU.ActiveCfg = Release|Any CPU
		{75A8581F-94CC-492D-AB76-6559261A3AD7}.Release|Any CPU.Build.0 = Release|Any CPU
		{78F1AFD4-B7D8-4439-A2AC-26A792F5DCAF}.Debug|Any CPU.ActiveCfg = Debug|Any CPU
		{78F1AFD4-B7D8-4439-A2AC-26A792F5DCAF}.Debug|Any CPU.Build.0 = Debug|Any CPU
		{78F1AFD4-B7D8-4439-A2AC-26A792F5DCAF}.Release|Any CPU.ActiveCfg = Release|Any CPU
		{78F1AFD4-B7D8-4439-A2AC-26A792F5DCAF}.Release|Any CPU.Build.0 = Release|Any CPU
		{FA342EF9-80E6-4D00-8D9B-68C2C5AF2CEB}.Debug|Any CPU.ActiveCfg = Debug|Any CPU
		{FA342EF9-80E6-4D00-8D9B-68C2C5AF2CEB}.Debug|Any CPU.Build.0 = Debug|Any CPU
		{FA342EF9-80E6-4D00-8D9B-68C2C5AF2CEB}.Release|Any CPU.ActiveCfg = Release|Any CPU
		{FA342EF9-80E6-4D00-8D9B-68C2C5AF2CEB}.Release|Any CPU.Build.0 = Release|Any CPU
		{30C8386E-6267-4B61-A3B4-573B93259684}.Debug|Any CPU.ActiveCfg = Debug|Any CPU
		{30C8386E-6267-4B61-A3B4-573B93259684}.Debug|Any CPU.Build.0 = Debug|Any CPU
		{30C8386E-6267-4B61-A3B4-573B93259684}.Release|Any CPU.ActiveCfg = Release|Any CPU
		{30C8386E-6267-4B61-A3B4-573B93259684}.Release|Any CPU.Build.0 = Release|Any CPU
		{1A884ACA-00B8-4600-8551-E5316057CC79}.Debug|Any CPU.ActiveCfg = Debug|Any CPU
		{1A884ACA-00B8-4600-8551-E5316057CC79}.Debug|Any CPU.Build.0 = Debug|Any CPU
		{1A884ACA-00B8-4600-8551-E5316057CC79}.Release|Any CPU.ActiveCfg = Release|Any CPU
		{1A884ACA-00B8-4600-8551-E5316057CC79}.Release|Any CPU.Build.0 = Release|Any CPU
		{28AC863E-6281-47E4-8B61-958ED346AD1D}.Debug|Any CPU.ActiveCfg = Debug|Any CPU
		{28AC863E-6281-47E4-8B61-958ED346AD1D}.Debug|Any CPU.Build.0 = Debug|Any CPU
		{28AC863E-6281-47E4-8B61-958ED346AD1D}.Release|Any CPU.ActiveCfg = Release|Any CPU
		{28AC863E-6281-47E4-8B61-958ED346AD1D}.Release|Any CPU.Build.0 = Release|Any CPU
		{9B2D5F0A-D941-4FBC-A108-7C82CC9320DA}.Debug|Any CPU.ActiveCfg = Debug|Any CPU
		{9B2D5F0A-D941-4FBC-A108-7C82CC9320DA}.Debug|Any CPU.Build.0 = Debug|Any CPU
		{9B2D5F0A-D941-4FBC-A108-7C82CC9320DA}.Release|Any CPU.ActiveCfg = Release|Any CPU
		{9B2D5F0A-D941-4FBC-A108-7C82CC9320DA}.Release|Any CPU.Build.0 = Release|Any CPU
		{AC6E974C-AE14-4321-8203-4EF6918EAED0}.Debug|Any CPU.ActiveCfg = Debug|Any CPU
		{AC6E974C-AE14-4321-8203-4EF6918EAED0}.Debug|Any CPU.Build.0 = Debug|Any CPU
		{AC6E974C-AE14-4321-8203-4EF6918EAED0}.Release|Any CPU.ActiveCfg = Release|Any CPU
		{AC6E974C-AE14-4321-8203-4EF6918EAED0}.Release|Any CPU.Build.0 = Release|Any CPU
		{5347A961-FFF3-4869-A291-1F7EF0E178D4}.Debug|Any CPU.ActiveCfg = Debug|Any CPU
		{5347A961-FFF3-4869-A291-1F7EF0E178D4}.Debug|Any CPU.Build.0 = Debug|Any CPU
		{5347A961-FFF3-4869-A291-1F7EF0E178D4}.Release|Any CPU.ActiveCfg = Release|Any CPU
		{5347A961-FFF3-4869-A291-1F7EF0E178D4}.Release|Any CPU.Build.0 = Release|Any CPU
		{3BEE5A53-0E90-4DD3-9DD0-41EBF18FF153}.Debug|Any CPU.ActiveCfg = Debug|Any CPU
		{3BEE5A53-0E90-4DD3-9DD0-41EBF18FF153}.Debug|Any CPU.Build.0 = Debug|Any CPU
		{3BEE5A53-0E90-4DD3-9DD0-41EBF18FF153}.Release|Any CPU.ActiveCfg = Release|Any CPU
		{3BEE5A53-0E90-4DD3-9DD0-41EBF18FF153}.Release|Any CPU.Build.0 = Release|Any CPU
		{BA4873D5-34BF-49B9-B7A3-36F82B201B1E}.Debug|Any CPU.ActiveCfg = Debug|Any CPU
		{BA4873D5-34BF-49B9-B7A3-36F82B201B1E}.Debug|Any CPU.Build.0 = Debug|Any CPU
		{BA4873D5-34BF-49B9-B7A3-36F82B201B1E}.Release|Any CPU.ActiveCfg = Release|Any CPU
		{BA4873D5-34BF-49B9-B7A3-36F82B201B1E}.Release|Any CPU.Build.0 = Release|Any CPU
		{2554FA83-095D-4EED-9195-196AF564F3A5}.Debug|Any CPU.ActiveCfg = Debug|Any CPU
		{2554FA83-095D-4EED-9195-196AF564F3A5}.Debug|Any CPU.Build.0 = Debug|Any CPU
		{2554FA83-095D-4EED-9195-196AF564F3A5}.Release|Any CPU.ActiveCfg = Release|Any CPU
		{2554FA83-095D-4EED-9195-196AF564F3A5}.Release|Any CPU.Build.0 = Release|Any CPU
		{9DA58306-704F-4328-BE46-94220C5AE005}.Debug|Any CPU.ActiveCfg = Debug|Any CPU
		{9DA58306-704F-4328-BE46-94220C5AE005}.Debug|Any CPU.Build.0 = Debug|Any CPU
		{9DA58306-704F-4328-BE46-94220C5AE005}.Release|Any CPU.ActiveCfg = Release|Any CPU
		{9DA58306-704F-4328-BE46-94220C5AE005}.Release|Any CPU.Build.0 = Release|Any CPU
		{BA925B66-9786-4E30-9B78-B74368D69E9F}.Debug|Any CPU.ActiveCfg = Debug|Any CPU
		{BA925B66-9786-4E30-9B78-B74368D69E9F}.Debug|Any CPU.Build.0 = Debug|Any CPU
		{BA925B66-9786-4E30-9B78-B74368D69E9F}.Release|Any CPU.ActiveCfg = Release|Any CPU
		{BA925B66-9786-4E30-9B78-B74368D69E9F}.Release|Any CPU.Build.0 = Release|Any CPU
		{5A8494AA-09DB-4F7E-B76B-06702FE9D6F5}.Debug|Any CPU.ActiveCfg = Debug|Any CPU
		{5A8494AA-09DB-4F7E-B76B-06702FE9D6F5}.Debug|Any CPU.Build.0 = Debug|Any CPU
		{5A8494AA-09DB-4F7E-B76B-06702FE9D6F5}.Release|Any CPU.ActiveCfg = Release|Any CPU
		{5A8494AA-09DB-4F7E-B76B-06702FE9D6F5}.Release|Any CPU.Build.0 = Release|Any CPU
		{F87F50BB-3575-4D0A-A754-F2B120A0C401}.Debug|Any CPU.ActiveCfg = Debug|Any CPU
		{F87F50BB-3575-4D0A-A754-F2B120A0C401}.Debug|Any CPU.Build.0 = Debug|Any CPU
		{F87F50BB-3575-4D0A-A754-F2B120A0C401}.Release|Any CPU.ActiveCfg = Release|Any CPU
		{F87F50BB-3575-4D0A-A754-F2B120A0C401}.Release|Any CPU.Build.0 = Release|Any CPU
		{A5F07861-E3D9-4820-AD31-319F21F8C732}.Debug|Any CPU.ActiveCfg = Debug|Any CPU
		{A5F07861-E3D9-4820-AD31-319F21F8C732}.Debug|Any CPU.Build.0 = Debug|Any CPU
		{A5F07861-E3D9-4820-AD31-319F21F8C732}.Release|Any CPU.ActiveCfg = Release|Any CPU
		{A5F07861-E3D9-4820-AD31-319F21F8C732}.Release|Any CPU.Build.0 = Release|Any CPU
		{7BB1F1F6-F970-4F43-9DA9-2913A82C2371}.Debug|Any CPU.ActiveCfg = Debug|Any CPU
		{7BB1F1F6-F970-4F43-9DA9-2913A82C2371}.Debug|Any CPU.Build.0 = Debug|Any CPU
		{7BB1F1F6-F970-4F43-9DA9-2913A82C2371}.Release|Any CPU.ActiveCfg = Release|Any CPU
		{7BB1F1F6-F970-4F43-9DA9-2913A82C2371}.Release|Any CPU.Build.0 = Release|Any CPU
		{6EF7678A-A725-F430-3097-30F090C0100A}.Debug|Any CPU.ActiveCfg = Debug|Any CPU
		{6EF7678A-A725-F430-3097-30F090C0100A}.Debug|Any CPU.Build.0 = Debug|Any CPU
		{6EF7678A-A725-F430-3097-30F090C0100A}.Release|Any CPU.ActiveCfg = Release|Any CPU
		{6EF7678A-A725-F430-3097-30F090C0100A}.Release|Any CPU.Build.0 = Release|Any CPU
		{010D0C11-D6A2-3CA6-3281-4E0FD547EC2D}.Debug|Any CPU.ActiveCfg = Debug|Any CPU
		{010D0C11-D6A2-3CA6-3281-4E0FD547EC2D}.Debug|Any CPU.Build.0 = Debug|Any CPU
		{010D0C11-D6A2-3CA6-3281-4E0FD547EC2D}.Release|Any CPU.ActiveCfg = Release|Any CPU
		{010D0C11-D6A2-3CA6-3281-4E0FD547EC2D}.Release|Any CPU.Build.0 = Release|Any CPU
		{DB2A0950-0689-4CEE-A671-7E8857D5F4DD}.Debug|Any CPU.ActiveCfg = Debug|Any CPU
		{DB2A0950-0689-4CEE-A671-7E8857D5F4DD}.Debug|Any CPU.Build.0 = Debug|Any CPU
		{DB2A0950-0689-4CEE-A671-7E8857D5F4DD}.Release|Any CPU.ActiveCfg = Release|Any CPU
		{DB2A0950-0689-4CEE-A671-7E8857D5F4DD}.Release|Any CPU.Build.0 = Release|Any CPU
		{7BC188CC-9C01-4B4D-8459-4B4BCA2B5530}.Debug|Any CPU.ActiveCfg = Debug|Any CPU
		{7BC188CC-9C01-4B4D-8459-4B4BCA2B5530}.Debug|Any CPU.Build.0 = Debug|Any CPU
		{7BC188CC-9C01-4B4D-8459-4B4BCA2B5530}.Release|Any CPU.ActiveCfg = Release|Any CPU
		{7BC188CC-9C01-4B4D-8459-4B4BCA2B5530}.Release|Any CPU.Build.0 = Release|Any CPU
		{0B48C449-0B35-182D-2B8C-BFE6C8DF0359}.Debug|Any CPU.ActiveCfg = Debug|Any CPU
		{0B48C449-0B35-182D-2B8C-BFE6C8DF0359}.Debug|Any CPU.Build.0 = Debug|Any CPU
		{0B48C449-0B35-182D-2B8C-BFE6C8DF0359}.Release|Any CPU.ActiveCfg = Release|Any CPU
		{0B48C449-0B35-182D-2B8C-BFE6C8DF0359}.Release|Any CPU.Build.0 = Release|Any CPU
		{4109F16C-CC0F-746C-BB8C-6083813C958C}.Debug|Any CPU.ActiveCfg = Debug|Any CPU
		{4109F16C-CC0F-746C-BB8C-6083813C958C}.Debug|Any CPU.Build.0 = Debug|Any CPU
		{4109F16C-CC0F-746C-BB8C-6083813C958C}.Release|Any CPU.ActiveCfg = Release|Any CPU
		{4109F16C-CC0F-746C-BB8C-6083813C958C}.Release|Any CPU.Build.0 = Release|Any CPU
		{6C5C8E11-5C4E-7216-5310-F8D4870D4E3D}.Debug|Any CPU.ActiveCfg = Debug|Any CPU
		{6C5C8E11-5C4E-7216-5310-F8D4870D4E3D}.Debug|Any CPU.Build.0 = Debug|Any CPU
		{6C5C8E11-5C4E-7216-5310-F8D4870D4E3D}.Release|Any CPU.ActiveCfg = Release|Any CPU
		{6C5C8E11-5C4E-7216-5310-F8D4870D4E3D}.Release|Any CPU.Build.0 = Release|Any CPU
		{F01C3B69-9D05-4BEF-26EB-57BAD926097B}.Debug|Any CPU.ActiveCfg = Debug|Any CPU
		{F01C3B69-9D05-4BEF-26EB-57BAD926097B}.Debug|Any CPU.Build.0 = Debug|Any CPU
		{F01C3B69-9D05-4BEF-26EB-57BAD926097B}.Release|Any CPU.ActiveCfg = Release|Any CPU
		{F01C3B69-9D05-4BEF-26EB-57BAD926097B}.Release|Any CPU.Build.0 = Release|Any CPU
		{414DFFD5-4A0F-DD91-933A-D9585859A325}.Debug|Any CPU.ActiveCfg = Debug|Any CPU
		{414DFFD5-4A0F-DD91-933A-D9585859A325}.Debug|Any CPU.Build.0 = Debug|Any CPU
		{414DFFD5-4A0F-DD91-933A-D9585859A325}.Release|Any CPU.ActiveCfg = Release|Any CPU
		{414DFFD5-4A0F-DD91-933A-D9585859A325}.Release|Any CPU.Build.0 = Release|Any CPU
		{8E382822-92E3-D270-08BB-8C5874A14FBE}.Debug|Any CPU.ActiveCfg = Debug|Any CPU
		{8E382822-92E3-D270-08BB-8C5874A14FBE}.Debug|Any CPU.Build.0 = Debug|Any CPU
		{8E382822-92E3-D270-08BB-8C5874A14FBE}.Release|Any CPU.ActiveCfg = Release|Any CPU
		{8E382822-92E3-D270-08BB-8C5874A14FBE}.Release|Any CPU.Build.0 = Release|Any CPU
		{8AD2EED6-5142-B9D5-EB8B-BB1A11EC0408}.Debug|Any CPU.ActiveCfg = Debug|Any CPU
		{8AD2EED6-5142-B9D5-EB8B-BB1A11EC0408}.Debug|Any CPU.Build.0 = Debug|Any CPU
		{8AD2EED6-5142-B9D5-EB8B-BB1A11EC0408}.Release|Any CPU.ActiveCfg = Release|Any CPU
		{8AD2EED6-5142-B9D5-EB8B-BB1A11EC0408}.Release|Any CPU.Build.0 = Release|Any CPU
		{EA4A8055-1398-D3D7-71C5-6C05759E8DEC}.Debug|Any CPU.ActiveCfg = Debug|Any CPU
		{EA4A8055-1398-D3D7-71C5-6C05759E8DEC}.Debug|Any CPU.Build.0 = Debug|Any CPU
		{EA4A8055-1398-D3D7-71C5-6C05759E8DEC}.Release|Any CPU.ActiveCfg = Release|Any CPU
		{EA4A8055-1398-D3D7-71C5-6C05759E8DEC}.Release|Any CPU.Build.0 = Release|Any CPU
		{E9A17AA2-A822-DBAD-5B94-1AAA6BD0E0AF}.Debug|Any CPU.ActiveCfg = Debug|Any CPU
		{E9A17AA2-A822-DBAD-5B94-1AAA6BD0E0AF}.Debug|Any CPU.Build.0 = Debug|Any CPU
		{E9A17AA2-A822-DBAD-5B94-1AAA6BD0E0AF}.Release|Any CPU.ActiveCfg = Release|Any CPU
		{E9A17AA2-A822-DBAD-5B94-1AAA6BD0E0AF}.Release|Any CPU.Build.0 = Release|Any CPU
		{CE019649-9318-73D8-8F70-F3DCB6317432}.Debug|Any CPU.ActiveCfg = Debug|Any CPU
		{CE019649-9318-73D8-8F70-F3DCB6317432}.Debug|Any CPU.Build.0 = Debug|Any CPU
		{CE019649-9318-73D8-8F70-F3DCB6317432}.Release|Any CPU.ActiveCfg = Release|Any CPU
		{CE019649-9318-73D8-8F70-F3DCB6317432}.Release|Any CPU.Build.0 = Release|Any CPU
		{B3F3FE81-4330-0B4C-2412-6F395A20D39D}.Debug|Any CPU.ActiveCfg = Debug|Any CPU
		{B3F3FE81-4330-0B4C-2412-6F395A20D39D}.Debug|Any CPU.Build.0 = Debug|Any CPU
		{B3F3FE81-4330-0B4C-2412-6F395A20D39D}.Release|Any CPU.ActiveCfg = Release|Any CPU
		{B3F3FE81-4330-0B4C-2412-6F395A20D39D}.Release|Any CPU.Build.0 = Release|Any CPU
		{3F3CABB3-E67F-D927-7417-80D1CBAF004A}.Debug|Any CPU.ActiveCfg = Debug|Any CPU
		{3F3CABB3-E67F-D927-7417-80D1CBAF004A}.Debug|Any CPU.Build.0 = Debug|Any CPU
		{3F3CABB3-E67F-D927-7417-80D1CBAF004A}.Release|Any CPU.ActiveCfg = Release|Any CPU
		{3F3CABB3-E67F-D927-7417-80D1CBAF004A}.Release|Any CPU.Build.0 = Release|Any CPU
		{61BA74EB-20AE-BBB9-0771-8ECBE7D18BD5}.Debug|Any CPU.ActiveCfg = Debug|Any CPU
		{61BA74EB-20AE-BBB9-0771-8ECBE7D18BD5}.Debug|Any CPU.Build.0 = Debug|Any CPU
		{61BA74EB-20AE-BBB9-0771-8ECBE7D18BD5}.Release|Any CPU.ActiveCfg = Release|Any CPU
		{61BA74EB-20AE-BBB9-0771-8ECBE7D18BD5}.Release|Any CPU.Build.0 = Release|Any CPU
		{406239BD-62FE-4544-B12F-81F1D2172B22}.Debug|Any CPU.ActiveCfg = Debug|Any CPU
		{406239BD-62FE-4544-B12F-81F1D2172B22}.Debug|Any CPU.Build.0 = Debug|Any CPU
		{406239BD-62FE-4544-B12F-81F1D2172B22}.Release|Any CPU.ActiveCfg = Release|Any CPU
		{406239BD-62FE-4544-B12F-81F1D2172B22}.Release|Any CPU.Build.0 = Release|Any CPU
		{C1BC4E50-43BF-4F9B-B159-ABDDC52620C1}.Debug|Any CPU.ActiveCfg = Debug|Any CPU
		{C1BC4E50-43BF-4F9B-B159-ABDDC52620C1}.Debug|Any CPU.Build.0 = Debug|Any CPU
		{C1BC4E50-43BF-4F9B-B159-ABDDC52620C1}.Release|Any CPU.ActiveCfg = Release|Any CPU
		{C1BC4E50-43BF-4F9B-B159-ABDDC52620C1}.Release|Any CPU.Build.0 = Release|Any CPU
		{CC99BAB5-2D97-4E4C-97E3-E062117A11F5}.Debug|Any CPU.ActiveCfg = Debug|Any CPU
		{CC99BAB5-2D97-4E4C-97E3-E062117A11F5}.Debug|Any CPU.Build.0 = Debug|Any CPU
		{CC99BAB5-2D97-4E4C-97E3-E062117A11F5}.Release|Any CPU.ActiveCfg = Release|Any CPU
		{CC99BAB5-2D97-4E4C-97E3-E062117A11F5}.Release|Any CPU.Build.0 = Release|Any CPU
		{EFD3FEBC-45DC-402D-8873-B1BEA6CEA6B2}.Debug|Any CPU.ActiveCfg = Debug|Any CPU
		{EFD3FEBC-45DC-402D-8873-B1BEA6CEA6B2}.Debug|Any CPU.Build.0 = Debug|Any CPU
		{EFD3FEBC-45DC-402D-8873-B1BEA6CEA6B2}.Release|Any CPU.ActiveCfg = Release|Any CPU
		{EFD3FEBC-45DC-402D-8873-B1BEA6CEA6B2}.Release|Any CPU.Build.0 = Release|Any CPU
		{D5AC9ED3-FEA1-4FEC-8F4E-5E624E8AEBD7}.Debug|Any CPU.ActiveCfg = Debug|Any CPU
		{D5AC9ED3-FEA1-4FEC-8F4E-5E624E8AEBD7}.Debug|Any CPU.Build.0 = Debug|Any CPU
		{D5AC9ED3-FEA1-4FEC-8F4E-5E624E8AEBD7}.Release|Any CPU.ActiveCfg = Release|Any CPU
		{D5AC9ED3-FEA1-4FEC-8F4E-5E624E8AEBD7}.Release|Any CPU.Build.0 = Release|Any CPU
		{D9274D6F-A162-6869-61BF-EF8E9FC0FB28}.Debug|Any CPU.ActiveCfg = Debug|Any CPU
		{D9274D6F-A162-6869-61BF-EF8E9FC0FB28}.Debug|Any CPU.Build.0 = Debug|Any CPU
		{D9274D6F-A162-6869-61BF-EF8E9FC0FB28}.Release|Any CPU.ActiveCfg = Release|Any CPU
		{D9274D6F-A162-6869-61BF-EF8E9FC0FB28}.Release|Any CPU.Build.0 = Release|Any CPU
		{50712916-3046-CD6D-CC0D-CC717D58B733}.Debug|Any CPU.ActiveCfg = Debug|Any CPU
		{50712916-3046-CD6D-CC0D-CC717D58B733}.Debug|Any CPU.Build.0 = Debug|Any CPU
		{50712916-3046-CD6D-CC0D-CC717D58B733}.Release|Any CPU.ActiveCfg = Release|Any CPU
		{50712916-3046-CD6D-CC0D-CC717D58B733}.Release|Any CPU.Build.0 = Release|Any CPU
		{E535824B-BD48-5070-4B89-BAF47499D3B8}.Debug|Any CPU.ActiveCfg = Debug|Any CPU
		{E535824B-BD48-5070-4B89-BAF47499D3B8}.Debug|Any CPU.Build.0 = Debug|Any CPU
		{E535824B-BD48-5070-4B89-BAF47499D3B8}.Release|Any CPU.ActiveCfg = Release|Any CPU
		{E535824B-BD48-5070-4B89-BAF47499D3B8}.Release|Any CPU.Build.0 = Release|Any CPU
	EndGlobalSection
	GlobalSection(SolutionProperties) = preSolution
		HideSolutionNode = FALSE
	EndGlobalSection
	GlobalSection(NestedProjects) = preSolution
		{CA949956-EBD8-454F-B06E-5A031E0529D5} = {DDB4EF12-CC4E-5E88-E6FC-71A802F4DE97}
		{A08565FA-8CDF-4972-9EF2-AD1E48D2A694} = {AC3E68D3-A18D-4AFA-80BF-6C8607EF0B68}
		{85F6B732-8EC2-496F-B498-139A5EC5E6D9} = {D43A2391-A10F-47ED-918E-15AECB0B4D02}
		{2A332547-EFFF-4C89-84F5-8D3FC27861C0} = {85F6B732-8EC2-496F-B498-139A5EC5E6D9}
		{AC3E68D3-A18D-4AFA-80BF-6C8607EF0B68} = {D43A2391-A10F-47ED-918E-15AECB0B4D02}
		{0F56FD18-C397-4B33-97C3-DE22FA3B6F98} = {0CFFD6A6-6C92-4BE2-860F-70DCBA65FD88}
		{CCDCBAFB-2EAE-450D-B929-7D788F425451} = {D43A2391-A10F-47ED-918E-15AECB0B4D02}
		{EFB841EB-3127-416A-A273-BC425289F6BD} = {CCDCBAFB-2EAE-450D-B929-7D788F425451}
		{FBAAB38F-0362-48D6-B1CB-130B12FEF04E} = {85F6B732-8EC2-496F-B498-139A5EC5E6D9}
		{ABE30349-38B5-4673-8157-9A9FDF1B2E3C} = {9FC917FB-46AD-4201-9944-EF687FA561DF}
		{D8569A20-9996-4824-B175-AF754D7EAFAF} = {9FC917FB-46AD-4201-9944-EF687FA561DF}
		{E7CA222A-AED5-4B11-A924-90F58ABCBEEB} = {D8569A20-9996-4824-B175-AF754D7EAFAF}
		{B948B64A-7B6B-4CA6-A663-6FCE87ACC3EB} = {9FC917FB-46AD-4201-9944-EF687FA561DF}
		{75A8581F-94CC-492D-AB76-6559261A3AD7} = {D8569A20-9996-4824-B175-AF754D7EAFAF}
		{78F1AFD4-B7D8-4439-A2AC-26A792F5DCAF} = {CBAAEE87-139F-4689-A00D-1FD09950894D}
		{BCC7A0D3-07A0-444D-8A6F-F03768F5E143} = {CBAAEE87-139F-4689-A00D-1FD09950894D}
		{FA342EF9-80E6-4D00-8D9B-68C2C5AF2CEB} = {BCC7A0D3-07A0-444D-8A6F-F03768F5E143}
		{30C8386E-6267-4B61-A3B4-573B93259684} = {BCC7A0D3-07A0-444D-8A6F-F03768F5E143}
		{1A884ACA-00B8-4600-8551-E5316057CC79} = {6C61EAED-4FF0-459E-B3FF-F5BF50E58E2A}
		{03796BFF-880F-4A91-B42E-04D11B0D76FC} = {93D867B6-36E9-424E-ABDB-5237EA277FD9}
		{28AC863E-6281-47E4-8B61-958ED346AD1D} = {03796BFF-880F-4A91-B42E-04D11B0D76FC}
		{9B2D5F0A-D941-4FBC-A108-7C82CC9320DA} = {93D867B6-36E9-424E-ABDB-5237EA277FD9}
		{AC6E974C-AE14-4321-8203-4EF6918EAED0} = {93D867B6-36E9-424E-ABDB-5237EA277FD9}
		{5347A961-FFF3-4869-A291-1F7EF0E178D4} = {03796BFF-880F-4A91-B42E-04D11B0D76FC}
		{3BEE5A53-0E90-4DD3-9DD0-41EBF18FF153} = {32716B9C-C9AA-4BE1-9628-6E8E6F01C546}
		{2AB52C61-A2CB-4F8E-B591-1E7474C431A1} = {32716B9C-C9AA-4BE1-9628-6E8E6F01C546}
		{BA4873D5-34BF-49B9-B7A3-36F82B201B1E} = {2AB52C61-A2CB-4F8E-B591-1E7474C431A1}
		{2554FA83-095D-4EED-9195-196AF564F3A5} = {2AB52C61-A2CB-4F8E-B591-1E7474C431A1}
		{6DAE1242-DF65-42F7-B842-22860A34D7BE} = {4F390737-B38F-4C45-ADD6-ABD0595912CB}
		{9DA58306-704F-4328-BE46-94220C5AE005} = {4F390737-B38F-4C45-ADD6-ABD0595912CB}
		{BA925B66-9786-4E30-9B78-B74368D69E9F} = {4F390737-B38F-4C45-ADD6-ABD0595912CB}
		{5A8494AA-09DB-4F7E-B76B-06702FE9D6F5} = {6DAE1242-DF65-42F7-B842-22860A34D7BE}
		{F87F50BB-3575-4D0A-A754-F2B120A0C401} = {98BD795C-C024-4812-975E-5603DD636BA4}
		{99B575AB-048E-4A92-9C9F-C7070FDF7B78} = {98BD795C-C024-4812-975E-5603DD636BA4}
		{A5F07861-E3D9-4820-AD31-319F21F8C732} = {98BD795C-C024-4812-975E-5603DD636BA4}
		{7BB1F1F6-F970-4F43-9DA9-2913A82C2371} = {99B575AB-048E-4A92-9C9F-C7070FDF7B78}
		{6EF7678A-A725-F430-3097-30F090C0100A} = {58ECCB0D-8601-4BE6-B233-7532DB9BEB23}
		{010D0C11-D6A2-3CA6-3281-4E0FD547EC2D} = {58ECCB0D-8601-4BE6-B233-7532DB9BEB23}
		{DB2A0950-0689-4CEE-A671-7E8857D5F4DD} = {29EF5F20-9A17-4644-9F0A-889B09AD2DC9}
		{7BC188CC-9C01-4B4D-8459-4B4BCA2B5530} = {29EF5F20-9A17-4644-9F0A-889B09AD2DC9}
		{0B48C449-0B35-182D-2B8C-BFE6C8DF0359} = {0CFFD6A6-6C92-4BE2-860F-70DCBA65FD88}
		{4109F16C-CC0F-746C-BB8C-6083813C958C} = {7EF99351-8C42-4F12-AED8-0D634B838C08}
		{6C5C8E11-5C4E-7216-5310-F8D4870D4E3D} = {7EF99351-8C42-4F12-AED8-0D634B838C08}
		{F01C3B69-9D05-4BEF-26EB-57BAD926097B} = {7EF99351-8C42-4F12-AED8-0D634B838C08}
		{414DFFD5-4A0F-DD91-933A-D9585859A325} = {7EF99351-8C42-4F12-AED8-0D634B838C08}
		{8E382822-92E3-D270-08BB-8C5874A14FBE} = {0CFFD6A6-6C92-4BE2-860F-70DCBA65FD88}
		{8AD2EED6-5142-B9D5-EB8B-BB1A11EC0408} = {E7B29F9E-1529-4258-B954-1A60E29A047B}
		{EA4A8055-1398-D3D7-71C5-6C05759E8DEC} = {E7B29F9E-1529-4258-B954-1A60E29A047B}
		{24BA4DB0-8DD0-4AEE-A0FB-0BD6A7614EB0} = {221539F6-DB24-4F5C-81C8-B989808CCA6A}
		{E9A17AA2-A822-DBAD-5B94-1AAA6BD0E0AF} = {221539F6-DB24-4F5C-81C8-B989808CCA6A}
		{CE019649-9318-73D8-8F70-F3DCB6317432} = {221539F6-DB24-4F5C-81C8-B989808CCA6A}
		{B3F3FE81-4330-0B4C-2412-6F395A20D39D} = {24BA4DB0-8DD0-4AEE-A0FB-0BD6A7614EB0}
		{3F3CABB3-E67F-D927-7417-80D1CBAF004A} = {24BA4DB0-8DD0-4AEE-A0FB-0BD6A7614EB0}
		{61BA74EB-20AE-BBB9-0771-8ECBE7D18BD5} = {24BA4DB0-8DD0-4AEE-A0FB-0BD6A7614EB0}
		{406239BD-62FE-4544-B12F-81F1D2172B22} = {221539F6-DB24-4F5C-81C8-B989808CCA6A}
		{C1BC4E50-43BF-4F9B-B159-ABDDC52620C1} = {24BA4DB0-8DD0-4AEE-A0FB-0BD6A7614EB0}
		{CC99BAB5-2D97-4E4C-97E3-E062117A11F5} = {24BA4DB0-8DD0-4AEE-A0FB-0BD6A7614EB0}
		{EFD3FEBC-45DC-402D-8873-B1BEA6CEA6B2} = {7DF9447F-CAE6-42AB-BEDD-E4B229360064}
		{D5AC9ED3-FEA1-4FEC-8F4E-5E624E8AEBD7} = {7DF9447F-CAE6-42AB-BEDD-E4B229360064}
		{D9274D6F-A162-6869-61BF-EF8E9FC0FB28} = {7DF9447F-CAE6-42AB-BEDD-E4B229360064}
		{50712916-3046-CD6D-CC0D-CC717D58B733} = {7DF9447F-CAE6-42AB-BEDD-E4B229360064}
		{E535824B-BD48-5070-4B89-BAF47499D3B8} = {7DF9447F-CAE6-42AB-BEDD-E4B229360064}
	EndGlobalSection
	GlobalSection(ExtensibilityGlobals) = postSolution
		SolutionGuid = {D78FB236-64E7-4397-8973-ED103DF8B997}
	EndGlobalSection
EndGlobal
